// !$*UTF8*$!
{
	archiveVersion = 1;
	classes = {
	};
	objectVersion = 50;
	objects = {

/* Begin PBXBuildFile section */
		17747FD620B8B74B00FC8405 /* AppDelegate.swift in Sources */ = {isa = PBXBuildFile; fileRef = 17747FD520B8B74B00FC8405 /* AppDelegate.swift */; };
		17747FDB20B8B74B00FC8405 /* Main.storyboard in Resources */ = {isa = PBXBuildFile; fileRef = 17747FD920B8B74B00FC8405 /* Main.storyboard */; };
		17747FDD20B8B74D00FC8405 /* Assets.xcassets in Resources */ = {isa = PBXBuildFile; fileRef = 17747FDC20B8B74D00FC8405 /* Assets.xcassets */; };
		17747FE020B8B74D00FC8405 /* LaunchScreen.storyboard in Resources */ = {isa = PBXBuildFile; fileRef = 17747FDE20B8B74D00FC8405 /* LaunchScreen.storyboard */; };
		178002C420C602BA006B4E47 /* SimpleTrackingViewController.swift in Sources */ = {isa = PBXBuildFile; fileRef = 178002C320C602BA006B4E47 /* SimpleTrackingViewController.swift */; };
		178002C620C60455006B4E47 /* ADBMobileConfig.json in Resources */ = {isa = PBXBuildFile; fileRef = 178002C520C60455006B4E47 /* ADBMobileConfig.json */; };
		17A5066720C6446D00C7E594 /* MenuTableViewController.swift in Sources */ = {isa = PBXBuildFile; fileRef = 17A5066620C6446D00C7E594 /* MenuTableViewController.swift */; };
		44F83529BEA91108CE15CE11 /* Pods_AdobeAnalytics.framework in Frameworks */ = {isa = PBXBuildFile; fileRef = C63594D50CD6B4F686E5200E /* Pods_AdobeAnalytics.framework */; };
/* End PBXBuildFile section */

/* Begin PBXFileReference section */
		17747FD220B8B74B00FC8405 /* AdobeAnalytics.app */ = {isa = PBXFileReference; explicitFileType = wrapper.application; includeInIndex = 0; path = AdobeAnalytics.app; sourceTree = BUILT_PRODUCTS_DIR; };
		17747FD520B8B74B00FC8405 /* AppDelegate.swift */ = {isa = PBXFileReference; lastKnownFileType = sourcecode.swift; path = AppDelegate.swift; sourceTree = "<group>"; };
		17747FDA20B8B74B00FC8405 /* Base */ = {isa = PBXFileReference; lastKnownFileType = file.storyboard; name = Base; path = Base.lproj/Main.storyboard; sourceTree = "<group>"; };
		17747FDC20B8B74D00FC8405 /* Assets.xcassets */ = {isa = PBXFileReference; lastKnownFileType = folder.assetcatalog; path = Assets.xcassets; sourceTree = "<group>"; };
		17747FDF20B8B74D00FC8405 /* Base */ = {isa = PBXFileReference; lastKnownFileType = file.storyboard; name = Base; path = Base.lproj/LaunchScreen.storyboard; sourceTree = "<group>"; };
		17747FE120B8B74D00FC8405 /* Info.plist */ = {isa = PBXFileReference; lastKnownFileType = text.plist.xml; path = Info.plist; sourceTree = "<group>"; };
		178002C320C602BA006B4E47 /* SimpleTrackingViewController.swift */ = {isa = PBXFileReference; lastKnownFileType = sourcecode.swift; path = SimpleTrackingViewController.swift; sourceTree = "<group>"; };
		178002C520C60455006B4E47 /* ADBMobileConfig.json */ = {isa = PBXFileReference; fileEncoding = 4; lastKnownFileType = text.json; path = ADBMobileConfig.json; sourceTree = "<group>"; };
		17A5066620C6446D00C7E594 /* MenuTableViewController.swift */ = {isa = PBXFileReference; lastKnownFileType = sourcecode.swift; path = MenuTableViewController.swift; sourceTree = "<group>"; };
		39AB95F2842C81B453A1ED60 /* Pods-AdobeAnalytics.release.xcconfig */ = {isa = PBXFileReference; includeInIndex = 1; lastKnownFileType = text.xcconfig; name = "Pods-AdobeAnalytics.release.xcconfig"; path = "Pods/Target Support Files/Pods-AdobeAnalytics/Pods-AdobeAnalytics.release.xcconfig"; sourceTree = "<group>"; };
		C63594D50CD6B4F686E5200E /* Pods_AdobeAnalytics.framework */ = {isa = PBXFileReference; explicitFileType = wrapper.framework; includeInIndex = 0; path = Pods_AdobeAnalytics.framework; sourceTree = BUILT_PRODUCTS_DIR; };
		C9ECC6B8A105561361585F00 /* Pods-AdobeAnalytics.debug.xcconfig */ = {isa = PBXFileReference; includeInIndex = 1; lastKnownFileType = text.xcconfig; name = "Pods-AdobeAnalytics.debug.xcconfig"; path = "Pods/Target Support Files/Pods-AdobeAnalytics/Pods-AdobeAnalytics.debug.xcconfig"; sourceTree = "<group>"; };
/* End PBXFileReference section */

/* Begin PBXFrameworksBuildPhase section */
		17747FCF20B8B74B00FC8405 /* Frameworks */ = {
			isa = PBXFrameworksBuildPhase;
			buildActionMask = 2147483647;
			files = (
				44F83529BEA91108CE15CE11 /* Pods_AdobeAnalytics.framework in Frameworks */,
			);
			runOnlyForDeploymentPostprocessing = 0;
		};
/* End PBXFrameworksBuildPhase section */

/* Begin PBXGroup section */
		17747FC920B8B74B00FC8405 = {
			isa = PBXGroup;
			children = (
				17747FD420B8B74B00FC8405 /* AdobeAnalytics */,
				17747FD320B8B74B00FC8405 /* Products */,
				3414827F097E75B4071DD813 /* Pods */,
				618937202A6812798C7638C8 /* Frameworks */,
			);
			sourceTree = "<group>";
		};
		17747FD320B8B74B00FC8405 /* Products */ = {
			isa = PBXGroup;
			children = (
				17747FD220B8B74B00FC8405 /* AdobeAnalytics.app */,
			);
			name = Products;
			sourceTree = "<group>";
		};
		17747FD420B8B74B00FC8405 /* AdobeAnalytics */ = {
			isa = PBXGroup;
			children = (
				178002C520C60455006B4E47 /* ADBMobileConfig.json */,
				17747FD520B8B74B00FC8405 /* AppDelegate.swift */,
				17A5066620C6446D00C7E594 /* MenuTableViewController.swift */,
				17A5066820C647AB00C7E594 /* Menu Controllers */,
				17747FD920B8B74B00FC8405 /* Main.storyboard */,
				17747FDC20B8B74D00FC8405 /* Assets.xcassets */,
				17747FDE20B8B74D00FC8405 /* LaunchScreen.storyboard */,
				17747FE120B8B74D00FC8405 /* Info.plist */,
			);
			path = AdobeAnalytics;
			sourceTree = "<group>";
		};
		17A5066820C647AB00C7E594 /* Menu Controllers */ = {
			isa = PBXGroup;
			children = (
				178002C320C602BA006B4E47 /* SimpleTrackingViewController.swift */,
			);
			path = "Menu Controllers";
			sourceTree = "<group>";
		};
		3414827F097E75B4071DD813 /* Pods */ = {
			isa = PBXGroup;
			children = (
				C9ECC6B8A105561361585F00 /* Pods-AdobeAnalytics.debug.xcconfig */,
				39AB95F2842C81B453A1ED60 /* Pods-AdobeAnalytics.release.xcconfig */,
			);
			name = Pods;
			sourceTree = "<group>";
		};
		618937202A6812798C7638C8 /* Frameworks */ = {
			isa = PBXGroup;
			children = (
				C63594D50CD6B4F686E5200E /* Pods_AdobeAnalytics.framework */,
			);
			name = Frameworks;
			sourceTree = "<group>";
		};
/* End PBXGroup section */

/* Begin PBXNativeTarget section */
		17747FD120B8B74B00FC8405 /* AdobeAnalytics */ = {
			isa = PBXNativeTarget;
			buildConfigurationList = 17747FE420B8B74D00FC8405 /* Build configuration list for PBXNativeTarget "AdobeAnalytics" */;
			buildPhases = (
				B9E8F492B2416F4BE82A8F0F /* [CP] Check Pods Manifest.lock */,
				17747FCE20B8B74B00FC8405 /* Sources */,
				17747FCF20B8B74B00FC8405 /* Frameworks */,
				17747FD020B8B74B00FC8405 /* Resources */,
				E1A5C50833A7D56666DE5848 /* [CP] Embed Pods Frameworks */,
			);
			buildRules = (
			);
			dependencies = (
			);
			name = AdobeAnalytics;
			productName = AdobeAnalytics;
			productReference = 17747FD220B8B74B00FC8405 /* AdobeAnalytics.app */;
			productType = "com.apple.product-type.application";
		};
/* End PBXNativeTarget section */

/* Begin PBXProject section */
		17747FCA20B8B74B00FC8405 /* Project object */ = {
			isa = PBXProject;
			attributes = {
				LastSwiftUpdateCheck = 0930;
				LastUpgradeCheck = 0930;
				ORGANIZATIONNAME = "Nick Porter";
				TargetAttributes = {
					17747FD120B8B74B00FC8405 = {
						CreatedOnToolsVersion = 9.3.1;
					};
				};
			};
			buildConfigurationList = 17747FCD20B8B74B00FC8405 /* Build configuration list for PBXProject "AdobeAnalytics" */;
			compatibilityVersion = "Xcode 9.3";
			developmentRegion = en;
			hasScannedForEncodings = 0;
			knownRegions = (
				en,
				Base,
			);
			mainGroup = 17747FC920B8B74B00FC8405;
			productRefGroup = 17747FD320B8B74B00FC8405 /* Products */;
			projectDirPath = "";
			projectRoot = "";
			targets = (
				17747FD120B8B74B00FC8405 /* AdobeAnalytics */,
			);
		};
/* End PBXProject section */

/* Begin PBXResourcesBuildPhase section */
		17747FD020B8B74B00FC8405 /* Resources */ = {
			isa = PBXResourcesBuildPhase;
			buildActionMask = 2147483647;
			files = (
				17747FE020B8B74D00FC8405 /* LaunchScreen.storyboard in Resources */,
				178002C620C60455006B4E47 /* ADBMobileConfig.json in Resources */,
				17747FDD20B8B74D00FC8405 /* Assets.xcassets in Resources */,
				17747FDB20B8B74B00FC8405 /* Main.storyboard in Resources */,
			);
			runOnlyForDeploymentPostprocessing = 0;
		};
/* End PBXResourcesBuildPhase section */

/* Begin PBXShellScriptBuildPhase section */
		B9E8F492B2416F4BE82A8F0F /* [CP] Check Pods Manifest.lock */ = {
			isa = PBXShellScriptBuildPhase;
			buildActionMask = 2147483647;
			files = (
			);
			inputPaths = (
				"${PODS_PODFILE_DIR_PATH}/Podfile.lock",
				"${PODS_ROOT}/Manifest.lock",
			);
			name = "[CP] Check Pods Manifest.lock";
			outputPaths = (
				"$(DERIVED_FILE_DIR)/Pods-AdobeAnalytics-checkManifestLockResult.txt",
			);
			runOnlyForDeploymentPostprocessing = 0;
			shellPath = /bin/sh;
			shellScript = "diff \"${PODS_PODFILE_DIR_PATH}/Podfile.lock\" \"${PODS_ROOT}/Manifest.lock\" > /dev/null\nif [ $? != 0 ] ; then\n    # print error to STDERR\n    echo \"error: The sandbox is not in sync with the Podfile.lock. Run 'pod install' or update your CocoaPods installation.\" >&2\n    exit 1\nfi\n# This output is used by Xcode 'outputs' to avoid re-running this script phase.\necho \"SUCCESS\" > \"${SCRIPT_OUTPUT_FILE_0}\"\n";
			showEnvVarsInLog = 0;
		};
		E1A5C50833A7D56666DE5848 /* [CP] Embed Pods Frameworks */ = {
			isa = PBXShellScriptBuildPhase;
			buildActionMask = 2147483647;
			files = (
			);
			inputPaths = (
				"${SRCROOT}/Pods/Target Support Files/Pods-AdobeAnalytics/Pods-AdobeAnalytics-frameworks.sh",
				"${BUILT_PRODUCTS_DIR}/AdobeMobileSDK/AdobeMobileSDK.framework",
			);
			name = "[CP] Embed Pods Frameworks";
			outputPaths = (
				"${TARGET_BUILD_DIR}/${FRAMEWORKS_FOLDER_PATH}/AdobeMobileSDK.framework",
			);
			runOnlyForDeploymentPostprocessing = 0;
			shellPath = /bin/sh;
			shellScript = "\"${SRCROOT}/Pods/Target Support Files/Pods-AdobeAnalytics/Pods-AdobeAnalytics-frameworks.sh\"\n";
			showEnvVarsInLog = 0;
		};
/* End PBXShellScriptBuildPhase section */

/* Begin PBXSourcesBuildPhase section */
		17747FCE20B8B74B00FC8405 /* Sources */ = {
			isa = PBXSourcesBuildPhase;
			buildActionMask = 2147483647;
			files = (
				17A5066720C6446D00C7E594 /* MenuTableViewController.swift in Sources */,
				178002C420C602BA006B4E47 /* SimpleTrackingViewController.swift in Sources */,
				17747FD620B8B74B00FC8405 /* AppDelegate.swift in Sources */,
			);
			runOnlyForDeploymentPostprocessing = 0;
		};
/* End PBXSourcesBuildPhase section */

/* Begin PBXVariantGroup section */
		17747FD920B8B74B00FC8405 /* Main.storyboard */ = {
			isa = PBXVariantGroup;
			children = (
				17747FDA20B8B74B00FC8405 /* Base */,
			);
			name = Main.storyboard;
			sourceTree = "<group>";
		};
		17747FDE20B8B74D00FC8405 /* LaunchScreen.storyboard */ = {
			isa = PBXVariantGroup;
			children = (
				17747FDF20B8B74D00FC8405 /* Base */,
			);
			name = LaunchScreen.storyboard;
			sourceTree = "<group>";
		};
/* End PBXVariantGroup section */

/* Begin XCBuildConfiguration section */
		17747FE220B8B74D00FC8405 /* Debug */ = {
			isa = XCBuildConfiguration;
			buildSettings = {
				ALWAYS_SEARCH_USER_PATHS = NO;
				CLANG_ANALYZER_NONNULL = YES;
				CLANG_ANALYZER_NUMBER_OBJECT_CONVERSION = YES_AGGRESSIVE;
				CLANG_CXX_LANGUAGE_STANDARD = "gnu++14";
				CLANG_CXX_LIBRARY = "libc++";
				CLANG_ENABLE_MODULES = YES;
				CLANG_ENABLE_OBJC_ARC = YES;
				CLANG_ENABLE_OBJC_WEAK = YES;
				CLANG_WARN_BLOCK_CAPTURE_AUTORELEASING = YES;
				CLANG_WARN_BOOL_CONVERSION = YES;
				CLANG_WARN_COMMA = YES;
				CLANG_WARN_CONSTANT_CONVERSION = YES;
				CLANG_WARN_DEPRECATED_OBJC_IMPLEMENTATIONS = YES;
				CLANG_WARN_DIRECT_OBJC_ISA_USAGE = YES_ERROR;
				CLANG_WARN_DOCUMENTATION_COMMENTS = YES;
				CLANG_WARN_EMPTY_BODY = YES;
				CLANG_WARN_ENUM_CONVERSION = YES;
				CLANG_WARN_INFINITE_RECURSION = YES;
				CLANG_WARN_INT_CONVERSION = YES;
				CLANG_WARN_NON_LITERAL_NULL_CONVERSION = YES;
				CLANG_WARN_OBJC_IMPLICIT_RETAIN_SELF = YES;
				CLANG_WARN_OBJC_LITERAL_CONVERSION = YES;
				CLANG_WARN_OBJC_ROOT_CLASS = YES_ERROR;
				CLANG_WARN_RANGE_LOOP_ANALYSIS = YES;
				CLANG_WARN_STRICT_PROTOTYPES = YES;
				CLANG_WARN_SUSPICIOUS_MOVE = YES;
				CLANG_WARN_UNGUARDED_AVAILABILITY = YES_AGGRESSIVE;
				CLANG_WARN_UNREACHABLE_CODE = YES;
				CLANG_WARN__DUPLICATE_METHOD_MATCH = YES;
				CODE_SIGN_IDENTITY = "iPhone Developer";
				COPY_PHASE_STRIP = NO;
				DEBUG_INFORMATION_FORMAT = dwarf;
				ENABLE_STRICT_OBJC_MSGSEND = YES;
				ENABLE_TESTABILITY = YES;
				GCC_C_LANGUAGE_STANDARD = gnu11;
				GCC_DYNAMIC_NO_PIC = NO;
				GCC_NO_COMMON_BLOCKS = YES;
				GCC_OPTIMIZATION_LEVEL = 0;
				GCC_PREPROCESSOR_DEFINITIONS = (
					"DEBUG=1",
					"$(inherited)",
				);
				GCC_WARN_64_TO_32_BIT_CONVERSION = YES;
				GCC_WARN_ABOUT_RETURN_TYPE = YES_ERROR;
				GCC_WARN_UNDECLARED_SELECTOR = YES;
				GCC_WARN_UNINITIALIZED_AUTOS = YES_AGGRESSIVE;
				GCC_WARN_UNUSED_FUNCTION = YES;
				GCC_WARN_UNUSED_VARIABLE = YES;
				IPHONEOS_DEPLOYMENT_TARGET = 11.3;
				MTL_ENABLE_DEBUG_INFO = YES;
				ONLY_ACTIVE_ARCH = YES;
				SDKROOT = iphoneos;
				SWIFT_ACTIVE_COMPILATION_CONDITIONS = DEBUG;
				SWIFT_OPTIMIZATION_LEVEL = "-Onone";
			};
			name = Debug;
		};
		17747FE320B8B74D00FC8405 /* Release */ = {
			isa = XCBuildConfiguration;
			buildSettings = {
				ALWAYS_SEARCH_USER_PATHS = NO;
				CLANG_ANALYZER_NONNULL = YES;
				CLANG_ANALYZER_NUMBER_OBJECT_CONVERSION = YES_AGGRESSIVE;
				CLANG_CXX_LANGUAGE_STANDARD = "gnu++14";
				CLANG_CXX_LIBRARY = "libc++";
				CLANG_ENABLE_MODULES = YES;
				CLANG_ENABLE_OBJC_ARC = YES;
				CLANG_ENABLE_OBJC_WEAK = YES;
				CLANG_WARN_BLOCK_CAPTURE_AUTORELEASING = YES;
				CLANG_WARN_BOOL_CONVERSION = YES;
				CLANG_WARN_COMMA = YES;
				CLANG_WARN_CONSTANT_CONVERSION = YES;
				CLANG_WARN_DEPRECATED_OBJC_IMPLEMENTATIONS = YES;
				CLANG_WARN_DIRECT_OBJC_ISA_USAGE = YES_ERROR;
				CLANG_WARN_DOCUMENTATION_COMMENTS = YES;
				CLANG_WARN_EMPTY_BODY = YES;
				CLANG_WARN_ENUM_CONVERSION = YES;
				CLANG_WARN_INFINITE_RECURSION = YES;
				CLANG_WARN_INT_CONVERSION = YES;
				CLANG_WARN_NON_LITERAL_NULL_CONVERSION = YES;
				CLANG_WARN_OBJC_IMPLICIT_RETAIN_SELF = YES;
				CLANG_WARN_OBJC_LITERAL_CONVERSION = YES;
				CLANG_WARN_OBJC_ROOT_CLASS = YES_ERROR;
				CLANG_WARN_RANGE_LOOP_ANALYSIS = YES;
				CLANG_WARN_STRICT_PROTOTYPES = YES;
				CLANG_WARN_SUSPICIOUS_MOVE = YES;
				CLANG_WARN_UNGUARDED_AVAILABILITY = YES_AGGRESSIVE;
				CLANG_WARN_UNREACHABLE_CODE = YES;
				CLANG_WARN__DUPLICATE_METHOD_MATCH = YES;
				CODE_SIGN_IDENTITY = "iPhone Developer";
				COPY_PHASE_STRIP = NO;
				DEBUG_INFORMATION_FORMAT = "dwarf-with-dsym";
				ENABLE_NS_ASSERTIONS = NO;
				ENABLE_STRICT_OBJC_MSGSEND = YES;
				GCC_C_LANGUAGE_STANDARD = gnu11;
				GCC_NO_COMMON_BLOCKS = YES;
				GCC_WARN_64_TO_32_BIT_CONVERSION = YES;
				GCC_WARN_ABOUT_RETURN_TYPE = YES_ERROR;
				GCC_WARN_UNDECLARED_SELECTOR = YES;
				GCC_WARN_UNINITIALIZED_AUTOS = YES_AGGRESSIVE;
				GCC_WARN_UNUSED_FUNCTION = YES;
				GCC_WARN_UNUSED_VARIABLE = YES;
				IPHONEOS_DEPLOYMENT_TARGET = 11.3;
				MTL_ENABLE_DEBUG_INFO = NO;
				SDKROOT = iphoneos;
				SWIFT_COMPILATION_MODE = wholemodule;
				SWIFT_OPTIMIZATION_LEVEL = "-O";
				VALIDATE_PRODUCT = YES;
			};
			name = Release;
		};
		17747FE520B8B74D00FC8405 /* Debug */ = {
			isa = XCBuildConfiguration;
			baseConfigurationReference = C9ECC6B8A105561361585F00 /* Pods-AdobeAnalytics.debug.xcconfig */;
			buildSettings = {
				ASSETCATALOG_COMPILER_APPICON_NAME = AppIcon;
				CODE_SIGN_STYLE = Automatic;
				DEVELOPMENT_TEAM = D63MB9K6RU;
				INFOPLIST_FILE = AdobeAnalytics/Info.plist;
				LD_RUNPATH_SEARCH_PATHS = (
					"$(inherited)",
					"@executable_path/Frameworks",
				);
				PRODUCT_BUNDLE_IDENTIFIER = "Porter-Labs.AdobeAnalytics";
				PRODUCT_NAME = "$(TARGET_NAME)";
				SWIFT_VERSION = 4.0;
				TARGETED_DEVICE_FAMILY = "1,2";
			};
			name = Debug;
		};
		17747FE620B8B74D00FC8405 /* Release */ = {
			isa = XCBuildConfiguration;
			baseConfigurationReference = 39AB95F2842C81B453A1ED60 /* Pods-AdobeAnalytics.release.xcconfig */;
			buildSettings = {
				ASSETCATALOG_COMPILER_APPICON_NAME = AppIcon;
				CODE_SIGN_STYLE = Automatic;
				DEVELOPMENT_TEAM = D63MB9K6RU;
				INFOPLIST_FILE = AdobeAnalytics/Info.plist;
				LD_RUNPATH_SEARCH_PATHS = (
					"$(inherited)",
					"@executable_path/Frameworks",
				);
				PRODUCT_BUNDLE_IDENTIFIER = "Porter-Labs.AdobeAnalytics";
				PRODUCT_NAME = "$(TARGET_NAME)";
				SWIFT_VERSION = 4.0;
				TARGETED_DEVICE_FAMILY = "1,2";
			};
			name = Release;
		};
/* End XCBuildConfiguration section */

/* Begin XCConfigurationList section */
		17747FCD20B8B74B00FC8405 /* Build configuration list for PBXProject "AdobeAnalytics" */ = {
			isa = XCConfigurationList;
			buildConfigurations = (
				17747FE220B8B74D00FC8405 /* Debug */,
				17747FE320B8B74D00FC8405 /* Release */,
			);
			defaultConfigurationIsVisible = 0;
			defaultConfigurationName = Release;
		};
		17747FE420B8B74D00FC8405 /* Build configuration list for PBXNativeTarget "AdobeAnalytics" */ = {
			isa = XCConfigurationList;
			buildConfigurations = (
				17747FE520B8B74D00FC8405 /* Debug */,
				17747FE620B8B74D00FC8405 /* Release */,
			);
			defaultConfigurationIsVisible = 0;
			defaultConfigurationName = Release;
		};
/* End XCConfigurationList section */
	};
	rootObject = 17747FCA20B8B74B00FC8405 /* Project object */;
}
